
Microsoft Visual Studio Solution File, Format Version 12.00
# Visual Studio Version 17
VisualStudioVersion = 17.8.34316.72
MinimumVisualStudioVersion = 10.0.40219.1
Project("{FAE04EC0-301F-11D3-BF4B-00C04F79EFBC}") = "WebApplication1", "WebApplication1.csproj", "{E426CAE0-E622-4F24-89BD-05D29615CD7A}"
EndProject
Global
	GlobalSection(SolutionConfigurationPlatforms) = preSolution
		Debug|Any CPU = Debug|Any CPU
		Release|Any CPU = Release|Any CPU
	EndGlobalSection
	GlobalSection(ProjectConfigurationPlatforms) = postSolution
		{E426CAE0-E622-4F24-89BD-05D29615CD7A}.Debug|Any CPU.ActiveCfg = Debug|Any CPU
		{E426CAE0-E622-4F24-89BD-05D29615CD7A}.Debug|Any CPU.Build.0 = Debug|Any CPU
		{E426CAE0-E622-4F24-89BD-05D29615CD7A}.Release|Any CPU.ActiveCfg = Release|Any CPU
		{E426CAE0-E622-4F24-89BD-05D29615CD7A}.Release|Any CPU.Build.0 = Release|Any CPU
	EndGlobalSection
	GlobalSection(SolutionProperties) = preSolution
		HideSolutionNode = FALSE
	EndGlobalSection
	GlobalSection(ExtensibilityGlobals) = postSolution
		SolutionGuid = {3BBC4072-82F2-4E9E-8DA9-2E536D14A696}
	EndGlobalSection
EndGlobal
